
Microsoft Visual Studio Solution File, Format Version 12.00
# Visual Studio Version 17
VisualStudioVersion = 17.3.32901.215
MinimumVisualStudioVersion = 10.0.40219.1
Project("{FAE04EC0-301F-11D3-BF4B-00C04F79EFBC}") = "PetShop", "PetShop.csproj", "{8AB979F7-39C3-46AB-ABF5-879E1FB5C623}"
EndProject
Project("{FAE04EC0-301F-11D3-BF4B-00C04F79EFBC}") = "PetShop.Tests", "..\PetShop.Tests\PetShop.Tests.csproj", "{9FC6B751-E581-44E4-9B97-A87661D2FE1F}"
EndProject
Global
	GlobalSection(SolutionConfigurationPlatforms) = preSolution
		Debug|Any CPU = Debug|Any CPU
		Release|Any CPU = Release|Any CPU
	EndGlobalSection
	GlobalSection(ProjectConfigurationPlatforms) = postSolution
		{8AB979F7-39C3-46AB-ABF5-879E1FB5C623}.Debug|Any CPU.ActiveCfg = Debug|Any CPU
		{8AB979F7-39C3-46AB-ABF5-879E1FB5C623}.Debug|Any CPU.Build.0 = Debug|Any CPU
		{8AB979F7-39C3-46AB-ABF5-879E1FB5C623}.Release|Any CPU.ActiveCfg = Release|Any CPU
		{8AB979F7-39C3-46AB-ABF5-879E1FB5C623}.Release|Any CPU.Build.0 = Release|Any CPU
		{9FC6B751-E581-44E4-9B97-A87661D2FE1F}.Debug|Any CPU.ActiveCfg = Debug|Any CPU
		{9FC6B751-E581-44E4-9B97-A87661D2FE1F}.Debug|Any CPU.Build.0 = Debug|Any CPU
		{9FC6B751-E581-44E4-9B97-A87661D2FE1F}.Release|Any CPU.ActiveCfg = Release|Any CPU
		{9FC6B751-E581-44E4-9B97-A87661D2FE1F}.Release|Any CPU.Build.0 = Release|Any CPU
	EndGlobalSection
	GlobalSection(SolutionProperties) = preSolution
		HideSolutionNode = FALSE
	EndGlobalSection
	GlobalSection(ExtensibilityGlobals) = postSolution
		SolutionGuid = {86FE5C78-2A22-4BA9-9FB0-CB3060439DC3}
	EndGlobalSection
EndGlobal
